
Microsoft Visual Studio Solution File, Format Version 12.00
# Visual Studio 15
VisualStudioVersion = 15.0.27428.1
MinimumVisualStudioVersion = 10.0.40219.1
Project("{8BC9CEB8-8B4A-11D0-8D11-00A0C91BC942}") = "MouseAndKeyboardHook", "MouseAndKeyboardHook\MouseAndKeyboardHook.vcxproj", "{37C2A49C-C1CD-4AD6-BB6B-03D3CB661497}"
EndProject
Global
	GlobalSection(SolutionConfigurationPlatforms) = preSolution
		Debug|x64 = Debug|x64
		Debug|x86 = Debug|x86
		Release|x64 = Release|x64
		Release|x86 = Release|x86
	EndGlobalSection
	GlobalSection(ProjectConfigurationPlatforms) = postSolution
		{37C2A49C-C1CD-4AD6-BB6B-03D3CB661497}.Debug|x64.ActiveCfg = Debug|x64
		{37C2A49C-C1CD-4AD6-BB6B-03D3CB661497}.Debug|x64.Build.0 = Debug|x64
		{37C2A49C-C1CD-4AD6-BB6B-03D3CB661497}.Debug|x86.ActiveCfg = Debug|Win32
		{37C2A49C-C1CD-4AD6-BB6B-03D3CB661497}.Debug|x86.Build.0 = Debug|Win32
		{37C2A49C-C1CD-4AD6-BB6B-03D3CB661497}.Release|x64.ActiveCfg = Release|x64
		{37C2A49C-C1CD-4AD6-BB6B-03D3CB661497}.Release|x64.Build.0 = Release|x64
		{37C2A49C-C1CD-4AD6-BB6B-03D3CB661497}.Release|x86.ActiveCfg = Release|Win32
		{37C2A49C-C1CD-4AD6-BB6B-03D3CB661497}.Release|x86.Build.0 = Release|Win32
	EndGlobalSection
	GlobalSection(SolutionProperties) = preSolution
		HideSolutionNode = FALSE
	EndGlobalSection
	GlobalSection(ExtensibilityGlobals) = postSolution
		SolutionGuid = {5863F616-6865-4796-B43C-BC09CCEA9680}
	EndGlobalSection
EndGlobal
